{
  "name": "kyro-services",
  "version": "1.0.0",
  "lockfileVersion": 3,
  "requires": true,
  "packages": {
    "": {
      "name": "kyro-services",
      "version": "1.0.0",
      "license": "ISC",
      "dependencies": {
        "pinata": "^2.5.3"
      }
    },
    "node_modules/pinata": {
      "version": "2.5.3",
      "resolved": "https://registry.npmjs.org/pinata/-/pinata-2.5.3.tgz",
      "integrity": "sha512-O3bxvgaznxt8iYCMVJvKl+rMUOZqMl7rNBwY+P4fgOSIQled6PXRIskL+MDxUCS3g9Hnpt4ToKzyqd6KuSMmww==",
      "license": "MIT",
      "engines": {
        "node": ">=20"
      },
      "peerDependencies": {
        "react": ">=16.8.0",
        "react-dom": ">=16.8.0"
      },
      "peerDependenciesMeta": {
        "react": {
          "optional": true
        },
        "react-dom": {
          "optional": true
        }
      }
    }
  }
}
